
Microsoft Visual Studio Solution File, Format Version 12.00
Project("{2150E333-8FDC-42A3-9474-1A3956D46DE8}") = "src", "src", "{F2A70F1B-DEB4-4271-9EC2-88A68089D914}"
EndProject
Project("{2150E333-8FDC-42A3-9474-1A3956D46DE8}") = "deps", "deps", "{149F3D97-D8F9-49E3-913B-B9D11BF8F508}"
EndProject
Project("{FAE04EC0-301F-11D3-BF4B-00C04F79EFBC}") = "VMAttack", "src\VMAttack\VMAttack.csproj", "{395E3474-5C56-4ABB-8A92-E50B1F218E9C}"
EndProject
Project("{FAE04EC0-301F-11D3-BF4B-00C04F79EFBC}") = "VMAttack.Core", "src\VMAttack.Core\VMAttack.Core.csproj", "{6AAD9B6A-078F-4391-B78A-197AB0C862D9}"
EndProject
Project("{FAE04EC0-301F-11D3-BF4B-00C04F79EFBC}") = "VMAttack.Pipeline", "src\VMAttack.Pipeline\VMAttack.Pipeline.csproj", "{FEC9EE8D-C4DA-4615-9420-101A53395560}"
EndProject
Project("{2150E333-8FDC-42A3-9474-1A3956D46DE8}") = "Echo", "Echo", "{A10588F0-B192-493C-AA57-B0361106F7D8}"
EndProject
Project("{2150E333-8FDC-42A3-9474-1A3956D46DE8}") = "VMTests", "VMTests", "{A5DA4220-7A75-43C7-B889-B21B43A5AA7C}"
EndProject
Global
	GlobalSection(SolutionConfigurationPlatforms) = preSolution
		Debug|Any CPU = Debug|Any CPU
		Release|Any CPU = Release|Any CPU
	EndGlobalSection
	GlobalSection(ProjectConfigurationPlatforms) = postSolution
		{395E3474-5C56-4ABB-8A92-E50B1F218E9C}.Debug|Any CPU.ActiveCfg = Debug|Any CPU
		{395E3474-5C56-4ABB-8A92-E50B1F218E9C}.Debug|Any CPU.Build.0 = Debug|Any CPU
		{395E3474-5C56-4ABB-8A92-E50B1F218E9C}.Release|Any CPU.ActiveCfg = Release|Any CPU
		{395E3474-5C56-4ABB-8A92-E50B1F218E9C}.Release|Any CPU.Build.0 = Release|Any CPU
		{6AAD9B6A-078F-4391-B78A-197AB0C862D9}.Debug|Any CPU.ActiveCfg = Debug|Any CPU
		{6AAD9B6A-078F-4391-B78A-197AB0C862D9}.Debug|Any CPU.Build.0 = Debug|Any CPU
		{6AAD9B6A-078F-4391-B78A-197AB0C862D9}.Release|Any CPU.ActiveCfg = Release|Any CPU
		{6AAD9B6A-078F-4391-B78A-197AB0C862D9}.Release|Any CPU.Build.0 = Release|Any CPU
		{FEC9EE8D-C4DA-4615-9420-101A53395560}.Debug|Any CPU.ActiveCfg = Debug|Any CPU
		{FEC9EE8D-C4DA-4615-9420-101A53395560}.Debug|Any CPU.Build.0 = Debug|Any CPU
		{FEC9EE8D-C4DA-4615-9420-101A53395560}.Release|Any CPU.ActiveCfg = Release|Any CPU
		{FEC9EE8D-C4DA-4615-9420-101A53395560}.Release|Any CPU.Build.0 = Release|Any CPU
	EndGlobalSection
	GlobalSection(NestedProjects) = preSolution
		{395E3474-5C56-4ABB-8A92-E50B1F218E9C} = {F2A70F1B-DEB4-4271-9EC2-88A68089D914}
		{6AAD9B6A-078F-4391-B78A-197AB0C862D9} = {F2A70F1B-DEB4-4271-9EC2-88A68089D914}
		{FEC9EE8D-C4DA-4615-9420-101A53395560} = {F2A70F1B-DEB4-4271-9EC2-88A68089D914}
		{A10588F0-B192-493C-AA57-B0361106F7D8} = {149F3D97-D8F9-49E3-913B-B9D11BF8F508}
		{A5DA4220-7A75-43C7-B889-B21B43A5AA7C} = {F2A70F1B-DEB4-4271-9EC2-88A68089D914}
	EndGlobalSection
EndGlobal
