
Microsoft Visual Studio Solution File, Format Version 12.00
Project("{2150E333-8FDC-42A3-9474-1A3956D46DE8}") = "src", "src", "{F2A70F1B-DEB4-4271-9EC2-88A68089D914}"
EndProject
Project("{2150E333-8FDC-42A3-9474-1A3956D46DE8}") = "deps", "deps", "{149F3D97-D8F9-49E3-913B-B9D11BF8F508}"
EndProject
Project("{FAE04EC0-301F-11D3-BF4B-00C04F79EFBC}") = "VMAttack", "src\VMAttack\VMAttack.csproj", "{395E3474-5C56-4ABB-8A92-E50B1F218E9C}"
EndProject
Project("{FAE04EC0-301F-11D3-BF4B-00C04F79EFBC}") = "VMAttack.Core", "src\VMAttack.Core\VMAttack.Core.csproj", "{6AAD9B6A-078F-4391-B78A-197AB0C862D9}"
EndProject
Project("{FAE04EC0-301F-11D3-BF4B-00C04F79EFBC}") = "VMAttack.Pipeline", "src\VMAttack.Pipeline\VMAttack.Pipeline.csproj", "{FEC9EE8D-C4DA-4615-9420-101A53395560}"
EndProject
Project("{2150E333-8FDC-42A3-9474-1A3956D46DE8}") = "Echo", "Echo", "{A10588F0-B192-493C-AA57-B0361106F7D8}"
EndProject
Project("{2150E333-8FDC-42A3-9474-1A3956D46DE8}") = "VMTests", "VMTests", "{A5DA4220-7A75-43C7-B889-B21B43A5AA7C}"
EndProject
Project("{FAE04EC0-301F-11D3-BF4B-00C04F79EFBC}") = "Target_EzirizVM", "src\Target_EzirizVM\Target_EzirizVM.csproj", "{934576B1-CB60-456F-AE3A-1CC9D15FEB28}"
EndProject
Project("{FAE04EC0-301F-11D3-BF4B-00C04F79EFBC}") = "Echo.Ast", "deps\src\Core\Echo.Ast\Echo.Ast.csproj", "{744A00DB-F459-4C08-A82E-ACE6F76E34A9}"
EndProject
Project("{FAE04EC0-301F-11D3-BF4B-00C04F79EFBC}") = "Echo.Concrete", "deps\src\Core\Echo.Concrete\Echo.Concrete.csproj", "{1BE3961E-3CE9-4862-BAEA-E72552C320C7}"
EndProject
Project("{FAE04EC0-301F-11D3-BF4B-00C04F79EFBC}") = "Echo.Platforms.AsmResolver", "deps\src\Platforms\Echo.Platforms.AsmResolver\Echo.Platforms.AsmResolver.csproj", "{781F3EDB-9B1A-45F8-B56F-A2DF8E0A82E6}"
EndProject
Project("{FAE04EC0-301F-11D3-BF4B-00C04F79EFBC}") = "Echo.ControlFlow", "deps\src\Core\Echo.ControlFlow\Echo.ControlFlow.csproj", "{3F842CF1-76AD-4F1D-A3CA-62A5F260CA7B}"
EndProject
Project("{FAE04EC0-301F-11D3-BF4B-00C04F79EFBC}") = "Echo.Core", "deps\src\Core\Echo.Core\Echo.Core.csproj", "{A0CE1996-89DA-47A6-9C01-4FCEF4424FFF}"
EndProject
Project("{FAE04EC0-301F-11D3-BF4B-00C04F79EFBC}") = "Echo.DataFlow", "deps\src\Core\Echo.DataFlow\Echo.DataFlow.csproj", "{691F51C3-4804-4F82-B810-0767C5DD8494}"
EndProject
Global
	GlobalSection(SolutionConfigurationPlatforms) = preSolution
		Debug|Any CPU = Debug|Any CPU
		Release|Any CPU = Release|Any CPU
	EndGlobalSection
	GlobalSection(ProjectConfigurationPlatforms) = postSolution
		{395E3474-5C56-4ABB-8A92-E50B1F218E9C}.Debug|Any CPU.ActiveCfg = Debug|Any CPU
		{395E3474-5C56-4ABB-8A92-E50B1F218E9C}.Debug|Any CPU.Build.0 = Debug|Any CPU
		{395E3474-5C56-4ABB-8A92-E50B1F218E9C}.Release|Any CPU.ActiveCfg = Release|Any CPU
		{395E3474-5C56-4ABB-8A92-E50B1F218E9C}.Release|Any CPU.Build.0 = Release|Any CPU
		{6AAD9B6A-078F-4391-B78A-197AB0C862D9}.Debug|Any CPU.ActiveCfg = Debug|Any CPU
		{6AAD9B6A-078F-4391-B78A-197AB0C862D9}.Debug|Any CPU.Build.0 = Debug|Any CPU
		{6AAD9B6A-078F-4391-B78A-197AB0C862D9}.Release|Any CPU.ActiveCfg = Release|Any CPU
		{6AAD9B6A-078F-4391-B78A-197AB0C862D9}.Release|Any CPU.Build.0 = Release|Any CPU
		{FEC9EE8D-C4DA-4615-9420-101A53395560}.Debug|Any CPU.ActiveCfg = Debug|Any CPU
		{FEC9EE8D-C4DA-4615-9420-101A53395560}.Debug|Any CPU.Build.0 = Debug|Any CPU
		{FEC9EE8D-C4DA-4615-9420-101A53395560}.Release|Any CPU.ActiveCfg = Release|Any CPU
		{FEC9EE8D-C4DA-4615-9420-101A53395560}.Release|Any CPU.Build.0 = Release|Any CPU
		{934576B1-CB60-456F-AE3A-1CC9D15FEB28}.Debug|Any CPU.ActiveCfg = Debug|Any CPU
		{934576B1-CB60-456F-AE3A-1CC9D15FEB28}.Debug|Any CPU.Build.0 = Debug|Any CPU
		{934576B1-CB60-456F-AE3A-1CC9D15FEB28}.Release|Any CPU.ActiveCfg = Release|Any CPU
		{934576B1-CB60-456F-AE3A-1CC9D15FEB28}.Release|Any CPU.Build.0 = Release|Any CPU
		{744A00DB-F459-4C08-A82E-ACE6F76E34A9}.Debug|Any CPU.ActiveCfg = Debug|Any CPU
		{744A00DB-F459-4C08-A82E-ACE6F76E34A9}.Debug|Any CPU.Build.0 = Debug|Any CPU
		{744A00DB-F459-4C08-A82E-ACE6F76E34A9}.Release|Any CPU.ActiveCfg = Release|Any CPU
		{744A00DB-F459-4C08-A82E-ACE6F76E34A9}.Release|Any CPU.Build.0 = Release|Any CPU
		{1BE3961E-3CE9-4862-BAEA-E72552C320C7}.Debug|Any CPU.ActiveCfg = Debug|Any CPU
		{1BE3961E-3CE9-4862-BAEA-E72552C320C7}.Debug|Any CPU.Build.0 = Debug|Any CPU
		{1BE3961E-3CE9-4862-BAEA-E72552C320C7}.Release|Any CPU.ActiveCfg = Release|Any CPU
		{1BE3961E-3CE9-4862-BAEA-E72552C320C7}.Release|Any CPU.Build.0 = Release|Any CPU
		{781F3EDB-9B1A-45F8-B56F-A2DF8E0A82E6}.Debug|Any CPU.ActiveCfg = Debug|Any CPU
		{781F3EDB-9B1A-45F8-B56F-A2DF8E0A82E6}.Debug|Any CPU.Build.0 = Debug|Any CPU
		{781F3EDB-9B1A-45F8-B56F-A2DF8E0A82E6}.Release|Any CPU.ActiveCfg = Release|Any CPU
		{781F3EDB-9B1A-45F8-B56F-A2DF8E0A82E6}.Release|Any CPU.Build.0 = Release|Any CPU
		{3F842CF1-76AD-4F1D-A3CA-62A5F260CA7B}.Debug|Any CPU.ActiveCfg = Debug|Any CPU
		{3F842CF1-76AD-4F1D-A3CA-62A5F260CA7B}.Debug|Any CPU.Build.0 = Debug|Any CPU
		{3F842CF1-76AD-4F1D-A3CA-62A5F260CA7B}.Release|Any CPU.ActiveCfg = Release|Any CPU
		{3F842CF1-76AD-4F1D-A3CA-62A5F260CA7B}.Release|Any CPU.Build.0 = Release|Any CPU
		{A0CE1996-89DA-47A6-9C01-4FCEF4424FFF}.Debug|Any CPU.ActiveCfg = Debug|Any CPU
		{A0CE1996-89DA-47A6-9C01-4FCEF4424FFF}.Debug|Any CPU.Build.0 = Debug|Any CPU
		{A0CE1996-89DA-47A6-9C01-4FCEF4424FFF}.Release|Any CPU.ActiveCfg = Release|Any CPU
		{A0CE1996-89DA-47A6-9C01-4FCEF4424FFF}.Release|Any CPU.Build.0 = Release|Any CPU
		{691F51C3-4804-4F82-B810-0767C5DD8494}.Debug|Any CPU.ActiveCfg = Debug|Any CPU
		{691F51C3-4804-4F82-B810-0767C5DD8494}.Debug|Any CPU.Build.0 = Debug|Any CPU
		{691F51C3-4804-4F82-B810-0767C5DD8494}.Release|Any CPU.ActiveCfg = Release|Any CPU
		{691F51C3-4804-4F82-B810-0767C5DD8494}.Release|Any CPU.Build.0 = Release|Any CPU
	EndGlobalSection
	GlobalSection(NestedProjects) = preSolution
		{395E3474-5C56-4ABB-8A92-E50B1F218E9C} = {F2A70F1B-DEB4-4271-9EC2-88A68089D914}
		{6AAD9B6A-078F-4391-B78A-197AB0C862D9} = {F2A70F1B-DEB4-4271-9EC2-88A68089D914}
		{FEC9EE8D-C4DA-4615-9420-101A53395560} = {F2A70F1B-DEB4-4271-9EC2-88A68089D914}
		{A10588F0-B192-493C-AA57-B0361106F7D8} = {149F3D97-D8F9-49E3-913B-B9D11BF8F508}
		{A5DA4220-7A75-43C7-B889-B21B43A5AA7C} = {F2A70F1B-DEB4-4271-9EC2-88A68089D914}
		{934576B1-CB60-456F-AE3A-1CC9D15FEB28} = {A5DA4220-7A75-43C7-B889-B21B43A5AA7C}
		{744A00DB-F459-4C08-A82E-ACE6F76E34A9} = {A10588F0-B192-493C-AA57-B0361106F7D8}
		{1BE3961E-3CE9-4862-BAEA-E72552C320C7} = {A10588F0-B192-493C-AA57-B0361106F7D8}
		{781F3EDB-9B1A-45F8-B56F-A2DF8E0A82E6} = {A10588F0-B192-493C-AA57-B0361106F7D8}
		{3F842CF1-76AD-4F1D-A3CA-62A5F260CA7B} = {A10588F0-B192-493C-AA57-B0361106F7D8}
		{A0CE1996-89DA-47A6-9C01-4FCEF4424FFF} = {A10588F0-B192-493C-AA57-B0361106F7D8}
		{691F51C3-4804-4F82-B810-0767C5DD8494} = {A10588F0-B192-493C-AA57-B0361106F7D8}
	EndGlobalSection
EndGlobal
