
Microsoft Visual Studio Solution File, Format Version 12.00
Project("{2150E333-8FDC-42A3-9474-1A3956D46DE8}") = "src", "src", "{F2A70F1B-DEB4-4271-9EC2-88A68089D914}"
EndProject
Project("{2150E333-8FDC-42A3-9474-1A3956D46DE8}") = "deps", "deps", "{149F3D97-D8F9-49E3-913B-B9D11BF8F508}"
EndProject
Project("{FAE04EC0-301F-11D3-BF4B-00C04F79EFBC}") = "VMAttack", "src\VMAttack\VMAttack.csproj", "{395E3474-5C56-4ABB-8A92-E50B1F218E9C}"
EndProject
Project("{FAE04EC0-301F-11D3-BF4B-00C04F79EFBC}") = "VMAttack.Core", "src\VMAttack.Core\VMAttack.Core.csproj", "{6AAD9B6A-078F-4391-B78A-197AB0C862D9}"
EndProject
Project("{FAE04EC0-301F-11D3-BF4B-00C04F79EFBC}") = "VMAttack.Pipeline", "src\VMAttack.Pipeline\VMAttack.Pipeline.csproj", "{FEC9EE8D-C4DA-4615-9420-101A53395560}"
EndProject
Project("{2150E333-8FDC-42A3-9474-1A3956D46DE8}") = "Echo", "Echo", "{A10588F0-B192-493C-AA57-B0361106F7D8}"
EndProject
Project("{2150E333-8FDC-42A3-9474-1A3956D46DE8}") = "VMTests", "VMTests", "{A5DA4220-7A75-43C7-B889-B21B43A5AA7C}"
EndProject
Project("{FAE04EC0-301F-11D3-BF4B-00C04F79EFBC}") = "Echo.Ast", "deps\Echo\src\Core\Echo.Ast\Echo.Ast.csproj", "{72B61C6F-E625-42A6-A955-52822648E769}"
EndProject
Project("{FAE04EC0-301F-11D3-BF4B-00C04F79EFBC}") = "Echo.Concrete", "deps\Echo\src\Core\Echo.Concrete\Echo.Concrete.csproj", "{F09B2580-47D9-4AFF-B9C4-4DD2AF88A465}"
EndProject
Project("{FAE04EC0-301F-11D3-BF4B-00C04F79EFBC}") = "Echo.ControlFlow", "deps\Echo\src\Core\Echo.ControlFlow\Echo.ControlFlow.csproj", "{70E5DC2A-1F76-41C0-9A89-F6145EA30F4E}"
EndProject
Project("{FAE04EC0-301F-11D3-BF4B-00C04F79EFBC}") = "Echo.Core", "deps\Echo\src\Core\Echo.Core\Echo.Core.csproj", "{080AF081-14A2-4BEA-8C53-52461C5A0E0C}"
EndProject
Project("{FAE04EC0-301F-11D3-BF4B-00C04F79EFBC}") = "Echo.DataFlow", "deps\Echo\src\Core\Echo.DataFlow\Echo.DataFlow.csproj", "{C6539B31-2F3D-43CB-B1E9-151CCFF23535}"
EndProject
Project("{FAE04EC0-301F-11D3-BF4B-00C04F79EFBC}") = "EzirizTest", "src\VMTests\EzirizTest\EzirizTest.csproj", "{B1FA4D46-9C10-43AB-BA8E-7EE5D24131B4}"
EndProject
Global
	GlobalSection(SolutionConfigurationPlatforms) = preSolution
		Debug|Any CPU = Debug|Any CPU
		Release|Any CPU = Release|Any CPU
	EndGlobalSection
	GlobalSection(ProjectConfigurationPlatforms) = postSolution
		{395E3474-5C56-4ABB-8A92-E50B1F218E9C}.Debug|Any CPU.ActiveCfg = Debug|Any CPU
		{395E3474-5C56-4ABB-8A92-E50B1F218E9C}.Debug|Any CPU.Build.0 = Debug|Any CPU
		{395E3474-5C56-4ABB-8A92-E50B1F218E9C}.Release|Any CPU.ActiveCfg = Release|Any CPU
		{395E3474-5C56-4ABB-8A92-E50B1F218E9C}.Release|Any CPU.Build.0 = Release|Any CPU
		{6AAD9B6A-078F-4391-B78A-197AB0C862D9}.Debug|Any CPU.ActiveCfg = Debug|Any CPU
		{6AAD9B6A-078F-4391-B78A-197AB0C862D9}.Debug|Any CPU.Build.0 = Debug|Any CPU
		{6AAD9B6A-078F-4391-B78A-197AB0C862D9}.Release|Any CPU.ActiveCfg = Release|Any CPU
		{6AAD9B6A-078F-4391-B78A-197AB0C862D9}.Release|Any CPU.Build.0 = Release|Any CPU
		{FEC9EE8D-C4DA-4615-9420-101A53395560}.Debug|Any CPU.ActiveCfg = Debug|Any CPU
		{FEC9EE8D-C4DA-4615-9420-101A53395560}.Debug|Any CPU.Build.0 = Debug|Any CPU
		{FEC9EE8D-C4DA-4615-9420-101A53395560}.Release|Any CPU.ActiveCfg = Release|Any CPU
		{FEC9EE8D-C4DA-4615-9420-101A53395560}.Release|Any CPU.Build.0 = Release|Any CPU
		{72B61C6F-E625-42A6-A955-52822648E769}.Debug|Any CPU.ActiveCfg = Debug|Any CPU
		{72B61C6F-E625-42A6-A955-52822648E769}.Debug|Any CPU.Build.0 = Debug|Any CPU
		{72B61C6F-E625-42A6-A955-52822648E769}.Release|Any CPU.ActiveCfg = Release|Any CPU
		{72B61C6F-E625-42A6-A955-52822648E769}.Release|Any CPU.Build.0 = Release|Any CPU
		{F09B2580-47D9-4AFF-B9C4-4DD2AF88A465}.Debug|Any CPU.ActiveCfg = Debug|Any CPU
		{F09B2580-47D9-4AFF-B9C4-4DD2AF88A465}.Debug|Any CPU.Build.0 = Debug|Any CPU
		{F09B2580-47D9-4AFF-B9C4-4DD2AF88A465}.Release|Any CPU.ActiveCfg = Release|Any CPU
		{F09B2580-47D9-4AFF-B9C4-4DD2AF88A465}.Release|Any CPU.Build.0 = Release|Any CPU
		{70E5DC2A-1F76-41C0-9A89-F6145EA30F4E}.Debug|Any CPU.ActiveCfg = Debug|Any CPU
		{70E5DC2A-1F76-41C0-9A89-F6145EA30F4E}.Debug|Any CPU.Build.0 = Debug|Any CPU
		{70E5DC2A-1F76-41C0-9A89-F6145EA30F4E}.Release|Any CPU.ActiveCfg = Release|Any CPU
		{70E5DC2A-1F76-41C0-9A89-F6145EA30F4E}.Release|Any CPU.Build.0 = Release|Any CPU
		{080AF081-14A2-4BEA-8C53-52461C5A0E0C}.Debug|Any CPU.ActiveCfg = Debug|Any CPU
		{080AF081-14A2-4BEA-8C53-52461C5A0E0C}.Debug|Any CPU.Build.0 = Debug|Any CPU
		{080AF081-14A2-4BEA-8C53-52461C5A0E0C}.Release|Any CPU.ActiveCfg = Release|Any CPU
		{080AF081-14A2-4BEA-8C53-52461C5A0E0C}.Release|Any CPU.Build.0 = Release|Any CPU
		{C6539B31-2F3D-43CB-B1E9-151CCFF23535}.Debug|Any CPU.ActiveCfg = Debug|Any CPU
		{C6539B31-2F3D-43CB-B1E9-151CCFF23535}.Debug|Any CPU.Build.0 = Debug|Any CPU
		{C6539B31-2F3D-43CB-B1E9-151CCFF23535}.Release|Any CPU.ActiveCfg = Release|Any CPU
		{C6539B31-2F3D-43CB-B1E9-151CCFF23535}.Release|Any CPU.Build.0 = Release|Any CPU
		{B1FA4D46-9C10-43AB-BA8E-7EE5D24131B4}.Debug|Any CPU.ActiveCfg = Debug|Any CPU
		{B1FA4D46-9C10-43AB-BA8E-7EE5D24131B4}.Debug|Any CPU.Build.0 = Debug|Any CPU
		{B1FA4D46-9C10-43AB-BA8E-7EE5D24131B4}.Release|Any CPU.ActiveCfg = Release|Any CPU
		{B1FA4D46-9C10-43AB-BA8E-7EE5D24131B4}.Release|Any CPU.Build.0 = Release|Any CPU
	EndGlobalSection
	GlobalSection(NestedProjects) = preSolution
		{395E3474-5C56-4ABB-8A92-E50B1F218E9C} = {F2A70F1B-DEB4-4271-9EC2-88A68089D914}
		{6AAD9B6A-078F-4391-B78A-197AB0C862D9} = {F2A70F1B-DEB4-4271-9EC2-88A68089D914}
		{FEC9EE8D-C4DA-4615-9420-101A53395560} = {F2A70F1B-DEB4-4271-9EC2-88A68089D914}
		{A10588F0-B192-493C-AA57-B0361106F7D8} = {149F3D97-D8F9-49E3-913B-B9D11BF8F508}
		{A5DA4220-7A75-43C7-B889-B21B43A5AA7C} = {F2A70F1B-DEB4-4271-9EC2-88A68089D914}
		{72B61C6F-E625-42A6-A955-52822648E769} = {A10588F0-B192-493C-AA57-B0361106F7D8}
		{F09B2580-47D9-4AFF-B9C4-4DD2AF88A465} = {A10588F0-B192-493C-AA57-B0361106F7D8}
		{70E5DC2A-1F76-41C0-9A89-F6145EA30F4E} = {A10588F0-B192-493C-AA57-B0361106F7D8}
		{080AF081-14A2-4BEA-8C53-52461C5A0E0C} = {A10588F0-B192-493C-AA57-B0361106F7D8}
		{C6539B31-2F3D-43CB-B1E9-151CCFF23535} = {A10588F0-B192-493C-AA57-B0361106F7D8}
		{B1FA4D46-9C10-43AB-BA8E-7EE5D24131B4} = {A5DA4220-7A75-43C7-B889-B21B43A5AA7C}
	EndGlobalSection
EndGlobal
